
Microsoft Visual Studio Solution File, Format Version 12.00
# Visual Studio Version 16
VisualStudioVersion = 16.0.29503.13
MinimumVisualStudioVersion = 10.0.40219.1
Project("{FAE04EC0-301F-11D3-BF4B-00C04F79EFBC}") = "Examen_taller_esbaide", "Examen_taller_esbaide\Examen_taller_esbaide.csproj", "{5F0F0388-2FE7-43AB-BA00-DDE23A3FBB59}"
EndProject
Global
	GlobalSection(SolutionConfigurationPlatforms) = preSolution
		Debug|Any CPU = Debug|Any CPU
		Release|Any CPU = Release|Any CPU
	EndGlobalSection
	GlobalSection(ProjectConfigurationPlatforms) = postSolution
		{5F0F0388-2FE7-43AB-BA00-DDE23A3FBB59}.Debug|Any CPU.ActiveCfg = Debug|Any CPU
		{5F0F0388-2FE7-43AB-BA00-DDE23A3FBB59}.Debug|Any CPU.Build.0 = Debug|Any CPU
		{5F0F0388-2FE7-43AB-BA00-DDE23A3FBB59}.Release|Any CPU.ActiveCfg = Release|Any CPU
		{5F0F0388-2FE7-43AB-BA00-DDE23A3FBB59}.Release|Any CPU.Build.0 = Release|Any CPU
	EndGlobalSection
	GlobalSection(SolutionProperties) = preSolution
		HideSolutionNode = FALSE
	EndGlobalSection
	GlobalSection(ExtensibilityGlobals) = postSolution
		SolutionGuid = {612066C2-B0AC-4D36-BA3A-A69850229729}
	EndGlobalSection
EndGlobal
